
Microsoft Visual Studio Solution File, Format Version 12.00
# Visual Studio Version 17
VisualStudioVersion = 17.5.002.0
MinimumVisualStudioVersion = 10.0.40219.1
Project("{9A19103F-16F7-4668-BE54-9A1E7A4F7556}") = "Final", "Final.csproj", "{D2C17245-FC89-4698-9940-DEB110066DB2}"
EndProject
Global
	GlobalSection(SolutionConfigurationPlatforms) = preSolution
		Debug|Any CPU = Debug|Any CPU
		Release|Any CPU = Release|Any CPU
	EndGlobalSection
	GlobalSection(ProjectConfigurationPlatforms) = postSolution
		{D2C17245-FC89-4698-9940-DEB110066DB2}.Debug|Any CPU.ActiveCfg = Debug|Any CPU
		{D2C17245-FC89-4698-9940-DEB110066DB2}.Debug|Any CPU.Build.0 = Debug|Any CPU
		{D2C17245-FC89-4698-9940-DEB110066DB2}.Release|Any CPU.ActiveCfg = Release|Any CPU
		{D2C17245-FC89-4698-9940-DEB110066DB2}.Release|Any CPU.Build.0 = Release|Any CPU
	EndGlobalSection
	GlobalSection(SolutionProperties) = preSolution
		HideSolutionNode = FALSE
	EndGlobalSection
	GlobalSection(ExtensibilityGlobals) = postSolution
		SolutionGuid = {A7D0B5ED-6275-4C0A-B09E-F7A3675963AD}
	EndGlobalSection
EndGlobal
